
Microsoft Visual Studio Solution File, Format Version 12.00
# Visual Studio 15
VisualStudioVersion = 15.0.28306.52
MinimumVisualStudioVersion = 10.0.40219.1
Project("{FAE04EC0-301F-11D3-BF4B-00C04F79EFBC}") = "Rishu.Benchmarks.CSharp", "Rishu.Benchmark.CSharp\Rishu.Benchmarks.CSharp.csproj", "{F34039E9-E880-49CB-9FBB-AA26C2DC3057}"
EndProject
Project("{8BC9CEB8-8B4A-11D0-8D11-00A0C91BC942}") = "Rishu.Benchmarks.Cpp", "Rishu.Benchmarks.Cpp\Rishu.Benchmarks.Cpp.vcxproj", "{68082795-4D05-4695-A3B1-33A928EC5310}"
EndProject
Project("{888888A0-9F3D-457C-B088-3A5042F75D52}") = "Rishu.Benchmarks.Python", "Rishu.Benchmarks.Python\Rishu.Benchmarks.Python.pyproj", "{DE3A2892-62B2-4A73-9257-3E6F0E6EE2D2}"
EndProject
Project("{FAE04EC0-301F-11D3-BF4B-00C04F79EFBC}") = "Rishu.Benchmarks.Central", "Rishu.Benchmarks.Central\Rishu.Benchmarks.Central.csproj", "{F422D0F1-D707-403B-9270-9F1CF3CA9AA6}"
EndProject
Global
	GlobalSection(SolutionConfigurationPlatforms) = preSolution
		Debug|Any CPU = Debug|Any CPU
		Debug|x64 = Debug|x64
		Debug|x86 = Debug|x86
		Release|Any CPU = Release|Any CPU
		Release|x64 = Release|x64
		Release|x86 = Release|x86
	EndGlobalSection
	GlobalSection(ProjectConfigurationPlatforms) = postSolution
		{F34039E9-E880-49CB-9FBB-AA26C2DC3057}.Debug|Any CPU.ActiveCfg = Debug|Any CPU
		{F34039E9-E880-49CB-9FBB-AA26C2DC3057}.Debug|Any CPU.Build.0 = Debug|Any CPU
		{F34039E9-E880-49CB-9FBB-AA26C2DC3057}.Debug|x64.ActiveCfg = Debug|Any CPU
		{F34039E9-E880-49CB-9FBB-AA26C2DC3057}.Debug|x64.Build.0 = Debug|Any CPU
		{F34039E9-E880-49CB-9FBB-AA26C2DC3057}.Debug|x86.ActiveCfg = Debug|Any CPU
		{F34039E9-E880-49CB-9FBB-AA26C2DC3057}.Debug|x86.Build.0 = Debug|Any CPU
		{F34039E9-E880-49CB-9FBB-AA26C2DC3057}.Release|Any CPU.ActiveCfg = Release|Any CPU
		{F34039E9-E880-49CB-9FBB-AA26C2DC3057}.Release|Any CPU.Build.0 = Release|Any CPU
		{F34039E9-E880-49CB-9FBB-AA26C2DC3057}.Release|x64.ActiveCfg = Release|Any CPU
		{F34039E9-E880-49CB-9FBB-AA26C2DC3057}.Release|x64.Build.0 = Release|Any CPU
		{F34039E9-E880-49CB-9FBB-AA26C2DC3057}.Release|x86.ActiveCfg = Release|Any CPU
		{F34039E9-E880-49CB-9FBB-AA26C2DC3057}.Release|x86.Build.0 = Release|Any CPU
		{68082795-4D05-4695-A3B1-33A928EC5310}.Debug|Any CPU.ActiveCfg = Debug|Win32
		{68082795-4D05-4695-A3B1-33A928EC5310}.Debug|x64.ActiveCfg = Debug|x64
		{68082795-4D05-4695-A3B1-33A928EC5310}.Debug|x64.Build.0 = Debug|x64
		{68082795-4D05-4695-A3B1-33A928EC5310}.Debug|x86.ActiveCfg = Debug|Win32
		{68082795-4D05-4695-A3B1-33A928EC5310}.Debug|x86.Build.0 = Debug|Win32
		{68082795-4D05-4695-A3B1-33A928EC5310}.Release|Any CPU.ActiveCfg = Release|Win32
		{68082795-4D05-4695-A3B1-33A928EC5310}.Release|x64.ActiveCfg = Release|x64
		{68082795-4D05-4695-A3B1-33A928EC5310}.Release|x64.Build.0 = Release|x64
		{68082795-4D05-4695-A3B1-33A928EC5310}.Release|x86.ActiveCfg = Release|Win32
		{68082795-4D05-4695-A3B1-33A928EC5310}.Release|x86.Build.0 = Release|Win32
		{DE3A2892-62B2-4A73-9257-3E6F0E6EE2D2}.Debug|Any CPU.ActiveCfg = Debug|Any CPU
		{DE3A2892-62B2-4A73-9257-3E6F0E6EE2D2}.Debug|x64.ActiveCfg = Debug|Any CPU
		{DE3A2892-62B2-4A73-9257-3E6F0E6EE2D2}.Debug|x86.ActiveCfg = Debug|Any CPU
		{DE3A2892-62B2-4A73-9257-3E6F0E6EE2D2}.Release|Any CPU.ActiveCfg = Release|Any CPU
		{DE3A2892-62B2-4A73-9257-3E6F0E6EE2D2}.Release|x64.ActiveCfg = Release|Any CPU
		{DE3A2892-62B2-4A73-9257-3E6F0E6EE2D2}.Release|x86.ActiveCfg = Release|Any CPU
		{F422D0F1-D707-403B-9270-9F1CF3CA9AA6}.Debug|Any CPU.ActiveCfg = Debug|Any CPU
		{F422D0F1-D707-403B-9270-9F1CF3CA9AA6}.Debug|Any CPU.Build.0 = Debug|Any CPU
		{F422D0F1-D707-403B-9270-9F1CF3CA9AA6}.Debug|x64.ActiveCfg = Debug|Any CPU
		{F422D0F1-D707-403B-9270-9F1CF3CA9AA6}.Debug|x64.Build.0 = Debug|Any CPU
		{F422D0F1-D707-403B-9270-9F1CF3CA9AA6}.Debug|x86.ActiveCfg = Debug|Any CPU
		{F422D0F1-D707-403B-9270-9F1CF3CA9AA6}.Debug|x86.Build.0 = Debug|Any CPU
		{F422D0F1-D707-403B-9270-9F1CF3CA9AA6}.Release|Any CPU.ActiveCfg = Release|Any CPU
		{F422D0F1-D707-403B-9270-9F1CF3CA9AA6}.Release|Any CPU.Build.0 = Release|Any CPU
		{F422D0F1-D707-403B-9270-9F1CF3CA9AA6}.Release|x64.ActiveCfg = Release|Any CPU
		{F422D0F1-D707-403B-9270-9F1CF3CA9AA6}.Release|x64.Build.0 = Release|Any CPU
		{F422D0F1-D707-403B-9270-9F1CF3CA9AA6}.Release|x86.ActiveCfg = Release|Any CPU
		{F422D0F1-D707-403B-9270-9F1CF3CA9AA6}.Release|x86.Build.0 = Release|Any CPU
	EndGlobalSection
	GlobalSection(SolutionProperties) = preSolution
		HideSolutionNode = FALSE
	EndGlobalSection
	GlobalSection(ExtensibilityGlobals) = postSolution
		SolutionGuid = {2AC72212-1955-4B9D-9F72-17E91F5CF41D}
	EndGlobalSection
EndGlobal
